
Microsoft Visual Studio Solution File, Format Version 12.00
# Visual Studio 15
VisualStudioVersion = 15.0.28307.572
MinimumVisualStudioVersion = 10.0.40219.1
Project("{FAE04EC0-301F-11D3-BF4B-00C04F79EFBC}") = "1.DigitalOutputEnd", "DigitalOutputEnd\1.DigitalOutputEnd.csproj", "{1BE24532-CCBC-49A3-BB80-ACD3CBF0FA83}"
EndProject
Project("{FAE04EC0-301F-11D3-BF4B-00C04F79EFBC}") = "2.DigitalInterruptEnd", "DigitalInterruptEnd\2.DigitalInterruptEnd.csproj", "{ADD6C45A-FF57-4262-9A30-B5199BE4525C}"
EndProject
Project("{FAE04EC0-301F-11D3-BF4B-00C04F79EFBC}") = "1.BME280SensorEnd", "BME280SensorEnd\1.BME280SensorEnd.csproj", "{CB4BAA24-2A5B-4C9B-9533-DC804E0EF7D9}"
EndProject
Project("{2150E333-8FDC-42A3-9474-1A3956D46DE8}") = "1.GettingStarted", "1.GettingStarted", "{1D203139-A5B5-417C-9439-6E10441E4355}"
EndProject
Project("{2150E333-8FDC-42A3-9474-1A3956D46DE8}") = "4.AzureIoTHubFeatures", "4.AzureIoTHubFeatures", "{59DC2883-4629-44B2-A065-B936B7533370}"
EndProject
Project("{2150E333-8FDC-42A3-9474-1A3956D46DE8}") = "2.Sensors", "2.Sensors", "{89D366FA-91CD-426E-863C-01085FC3DD46}"
EndProject
Project("{FAE04EC0-301F-11D3-BF4B-00C04F79EFBC}") = "1.AzureIoTHubClientEnd", "AzureIoTHubClientEnd\1.AzureIoTHubClientEnd.csproj", "{E14371D7-D0BD-426C-91E0-1DC738715F7C}"
EndProject
Project("{FAE04EC0-301F-11D3-BF4B-00C04F79EFBC}") = "1.AzureIoTHubClientMethodHandlerEnd", "AzureIoTHubClientMethodHandlerEnd\1.AzureIoTHubClientMethodHandlerEnd.csproj", "{5DBBCA9D-DD3D-4C1B-83F7-5E5663412648}"
EndProject
Project("{FAE04EC0-301F-11D3-BF4B-00C04F79EFBC}") = "2.AzureIoTHubClientPropertiesEnd", "AzureIoTHubClientPropertiesEnd\2.AzureIoTHubClientPropertiesEnd.csproj", "{3DF77BD7-E6A6-45CA-80C8-A77DD3BAFE41}"
EndProject
Project("{FAE04EC0-301F-11D3-BF4B-00C04F79EFBC}") = "3.AzureIoTHubClientDeviceTwinEnd", "AzureIoTHubClientDeviceTwinEnd\3.AzureIoTHubClientDeviceTwinEnd.csproj", "{5C7A6D52-C5DB-49AA-A4BD-73A28F32F107}"
EndProject
Project("{2150E333-8FDC-42A3-9474-1A3956D46DE8}") = "3.PayloadSerialisation", "3.PayloadSerialisation", "{6C261FA0-6E11-44F5-8577-7DB1A52088A1}"
EndProject
Project("{FAE04EC0-301F-11D3-BF4B-00C04F79EFBC}") = "2.AzureIoTHubClientJObjectEnd", "AzureIoTHubClientJObjectEnd\2.AzureIoTHubClientJObjectEnd.csproj", "{191A0D34-5EB5-4789-B3A6-EAAE8953C2B0}"
EndProject
Project("{FAE04EC0-301F-11D3-BF4B-00C04F79EFBC}") = "3.AzureIoTHubClientClassEnd", "AzureIoTHubClientClassEnd\3.AzureIoTHubClientClassEnd.csproj", "{9ECC7E2A-3C9C-48BB-84F4-7FA38262E004}"
EndProject
Project("{FAE04EC0-301F-11D3-BF4B-00C04F79EFBC}") = "4.AzureIoTHubClientAdvancedEnd", "AzureIoTHubClientAdvancedEnd\4.AzureIoTHubClientAdvancedEnd.csproj", "{AF0D3CB6-0723-4B64-AB31-711CA273111E}"
EndProject
Project("{2150E333-8FDC-42A3-9474-1A3956D46DE8}") = "5.Security", "5.Security", "{09317FCC-5047-4CB7-B59C-DD4D4FF736DA}"
EndProject
Project("{FAE04EC0-301F-11D3-BF4B-00C04F79EFBC}") = "2.PIRSensorEnd", "PIRSensorEnd\2.PIRSensorEnd.csproj", "{3A242B76-09BA-4912-9E4A-AEC3C635702A}"
EndProject
Project("{2150E333-8FDC-42A3-9474-1A3956D46DE8}") = "Solution Items", "Solution Items", "{2E1B74E5-BA23-4CE7-AD6D-54196B2EC79D}"
	ProjectSection(SolutionItems) = preProject
		ReadMe.txt = ReadMe.txt
	EndProjectSection
EndProject
Project("{FAE04EC0-301F-11D3-BF4B-00C04F79EFBC}") = "NTPClient", "NTPClient\NTPClient.csproj", "{8E6FC3F5-B34A-4D22-8577-83A146828011}"
EndProject
Project("{2150E333-8FDC-42A3-9474-1A3956D46DE8}") = "Utilities", "Utilities", "{E96405F7-223D-4073-8819-2C5163E6E2B2}"
EndProject
Project("{FAE04EC0-301F-11D3-BF4B-00C04F79EFBC}") = "3.HCSR04SensorEnd", "HCSR04SensorEnd\3.HCSR04SensorEnd.csproj", "{E31B0295-51B2-48F8-98E3-C160D841E755}"
EndProject
Project("{FAE04EC0-301F-11D3-BF4B-00C04F79EFBC}") = "AzureIoTHubClientDPSEnd", "AzureIoTHubClientDPSEnd\AzureIoTHubClientDPSEnd.csproj", "{594FDCEE-A55E-4EDF-AF15-5827F13354BB}"
EndProject
Project("{FAE04EC0-301F-11D3-BF4B-00C04F79EFBC}") = "AzureIoTHubClientTPMEnd", "AzureIoTHubClientTPMEnd\AzureIoTHubClientTPMEnd.csproj", "{D4BE0845-3ABE-43EF-9973-E2057EE760B1}"
EndProject
Project("{2150E333-8FDC-42A3-9474-1A3956D46DE8}") = "6.HMI", "6.HMI", "{992AC19A-4D53-4225-BE2C-973F14F1A519}"
EndProject
Project("{FAE04EC0-301F-11D3-BF4B-00C04F79EFBC}") = "SensorServerEnd", "SensorServerEnd\SensorServerEnd.csproj", "{D2A7D013-001B-431B-9C76-A0CF7834F93F}"
EndProject
Project("{FAE04EC0-301F-11D3-BF4B-00C04F79EFBC}") = "UWPClientEnd", "UWPClientEnd\UWPClientEnd.csproj", "{0949F5CA-E11A-4C64-B11F-478AE08E31B0}"
EndProject
Project("{FAE04EC0-301F-11D3-BF4B-00C04F79EFBC}") = "5.HeartRateSensorEnd", "HeartRateSensorEnd\5.HeartRateSensorEnd.csproj", "{8B3D52CE-2D6A-46D6-B6C2-40C7C8125982}"
EndProject
Project("{2150E333-8FDC-42A3-9474-1A3956D46DE8}") = "HeartRateMonitorSample", "HeartRateMonitorSample", "{C46CE2BD-71F5-4EB5-9E1C-BBF05005508E}"
EndProject
Project("{FAE04EC0-301F-11D3-BF4B-00C04F79EFBC}") = "1.HeartRateSensorToggle", "HeartRateSensorToggle\1.HeartRateSensorToggle.csproj", "{9500F830-2329-4065-A3F9-1860A87AB9BB}"
EndProject
Project("{FAE04EC0-301F-11D3-BF4B-00C04F79EFBC}") = "2.HeartRateSensorFlash", "HeartRateSensorFlash\2.HeartRateSensorFlash.csproj", "{1B455C66-1EEA-4DED-9F15-25FC2044AD92}"
EndProject
Project("{FAE04EC0-301F-11D3-BF4B-00C04F79EFBC}") = "4.HeartRateSensorInstantaneous", "HeartRateSensorInstantaneous\4.HeartRateSensorInstantaneous.csproj", "{5301091E-84D8-457B-8449-F07C0BD33BF2}"
EndProject
Project("{FAE04EC0-301F-11D3-BF4B-00C04F79EFBC}") = "3.HeartRateSensorAverage", "HeartRateSensorAverage\3.HeartRateSensorAverage.csproj", "{44A399E4-B21F-48F6-A2B3-4EB35B2D4034}"
EndProject
Global
	GlobalSection(SolutionConfigurationPlatforms) = preSolution
		Debug|Any CPU = Debug|Any CPU
		Debug|ARM = Debug|ARM
		Debug|ARM64 = Debug|ARM64
		Debug|x64 = Debug|x64
		Debug|x86 = Debug|x86
		Release|Any CPU = Release|Any CPU
		Release|ARM = Release|ARM
		Release|ARM64 = Release|ARM64
		Release|x64 = Release|x64
		Release|x86 = Release|x86
	EndGlobalSection
	GlobalSection(ProjectConfigurationPlatforms) = postSolution
		{1BE24532-CCBC-49A3-BB80-ACD3CBF0FA83}.Debug|Any CPU.ActiveCfg = Debug|x86
		{1BE24532-CCBC-49A3-BB80-ACD3CBF0FA83}.Debug|ARM.ActiveCfg = Debug|ARM
		{1BE24532-CCBC-49A3-BB80-ACD3CBF0FA83}.Debug|ARM.Build.0 = Debug|ARM
		{1BE24532-CCBC-49A3-BB80-ACD3CBF0FA83}.Debug|ARM.Deploy.0 = Debug|ARM
		{1BE24532-CCBC-49A3-BB80-ACD3CBF0FA83}.Debug|ARM64.ActiveCfg = Debug|x86
		{1BE24532-CCBC-49A3-BB80-ACD3CBF0FA83}.Debug|x64.ActiveCfg = Debug|x64
		{1BE24532-CCBC-49A3-BB80-ACD3CBF0FA83}.Debug|x64.Build.0 = Debug|x64
		{1BE24532-CCBC-49A3-BB80-ACD3CBF0FA83}.Debug|x64.Deploy.0 = Debug|x64
		{1BE24532-CCBC-49A3-BB80-ACD3CBF0FA83}.Debug|x86.ActiveCfg = Debug|x86
		{1BE24532-CCBC-49A3-BB80-ACD3CBF0FA83}.Debug|x86.Build.0 = Debug|x86
		{1BE24532-CCBC-49A3-BB80-ACD3CBF0FA83}.Debug|x86.Deploy.0 = Debug|x86
		{1BE24532-CCBC-49A3-BB80-ACD3CBF0FA83}.Release|Any CPU.ActiveCfg = Release|x86
		{1BE24532-CCBC-49A3-BB80-ACD3CBF0FA83}.Release|ARM.ActiveCfg = Release|ARM
		{1BE24532-CCBC-49A3-BB80-ACD3CBF0FA83}.Release|ARM.Build.0 = Release|ARM
		{1BE24532-CCBC-49A3-BB80-ACD3CBF0FA83}.Release|ARM.Deploy.0 = Release|ARM
		{1BE24532-CCBC-49A3-BB80-ACD3CBF0FA83}.Release|ARM64.ActiveCfg = Release|x86
		{1BE24532-CCBC-49A3-BB80-ACD3CBF0FA83}.Release|x64.ActiveCfg = Release|x64
		{1BE24532-CCBC-49A3-BB80-ACD3CBF0FA83}.Release|x64.Build.0 = Release|x64
		{1BE24532-CCBC-49A3-BB80-ACD3CBF0FA83}.Release|x64.Deploy.0 = Release|x64
		{1BE24532-CCBC-49A3-BB80-ACD3CBF0FA83}.Release|x86.ActiveCfg = Release|x86
		{1BE24532-CCBC-49A3-BB80-ACD3CBF0FA83}.Release|x86.Build.0 = Release|x86
		{1BE24532-CCBC-49A3-BB80-ACD3CBF0FA83}.Release|x86.Deploy.0 = Release|x86
		{ADD6C45A-FF57-4262-9A30-B5199BE4525C}.Debug|Any CPU.ActiveCfg = Debug|x86
		{ADD6C45A-FF57-4262-9A30-B5199BE4525C}.Debug|ARM.ActiveCfg = Debug|ARM
		{ADD6C45A-FF57-4262-9A30-B5199BE4525C}.Debug|ARM.Build.0 = Debug|ARM
		{ADD6C45A-FF57-4262-9A30-B5199BE4525C}.Debug|ARM.Deploy.0 = Debug|ARM
		{ADD6C45A-FF57-4262-9A30-B5199BE4525C}.Debug|ARM64.ActiveCfg = Debug|x86
		{ADD6C45A-FF57-4262-9A30-B5199BE4525C}.Debug|x64.ActiveCfg = Debug|x64
		{ADD6C45A-FF57-4262-9A30-B5199BE4525C}.Debug|x64.Build.0 = Debug|x64
		{ADD6C45A-FF57-4262-9A30-B5199BE4525C}.Debug|x64.Deploy.0 = Debug|x64
		{ADD6C45A-FF57-4262-9A30-B5199BE4525C}.Debug|x86.ActiveCfg = Debug|x86
		{ADD6C45A-FF57-4262-9A30-B5199BE4525C}.Debug|x86.Build.0 = Debug|x86
		{ADD6C45A-FF57-4262-9A30-B5199BE4525C}.Debug|x86.Deploy.0 = Debug|x86
		{ADD6C45A-FF57-4262-9A30-B5199BE4525C}.Release|Any CPU.ActiveCfg = Release|x86
		{ADD6C45A-FF57-4262-9A30-B5199BE4525C}.Release|ARM.ActiveCfg = Release|ARM
		{ADD6C45A-FF57-4262-9A30-B5199BE4525C}.Release|ARM.Build.0 = Release|ARM
		{ADD6C45A-FF57-4262-9A30-B5199BE4525C}.Release|ARM.Deploy.0 = Release|ARM
		{ADD6C45A-FF57-4262-9A30-B5199BE4525C}.Release|ARM64.ActiveCfg = Release|x86
		{ADD6C45A-FF57-4262-9A30-B5199BE4525C}.Release|x64.ActiveCfg = Release|x64
		{ADD6C45A-FF57-4262-9A30-B5199BE4525C}.Release|x64.Build.0 = Release|x64
		{ADD6C45A-FF57-4262-9A30-B5199BE4525C}.Release|x64.Deploy.0 = Release|x64
		{ADD6C45A-FF57-4262-9A30-B5199BE4525C}.Release|x86.ActiveCfg = Release|x86
		{ADD6C45A-FF57-4262-9A30-B5199BE4525C}.Release|x86.Build.0 = Release|x86
		{ADD6C45A-FF57-4262-9A30-B5199BE4525C}.Release|x86.Deploy.0 = Release|x86
		{CB4BAA24-2A5B-4C9B-9533-DC804E0EF7D9}.Debug|Any CPU.ActiveCfg = Debug|x86
		{CB4BAA24-2A5B-4C9B-9533-DC804E0EF7D9}.Debug|ARM.ActiveCfg = Debug|ARM
		{CB4BAA24-2A5B-4C9B-9533-DC804E0EF7D9}.Debug|ARM.Build.0 = Debug|ARM
		{CB4BAA24-2A5B-4C9B-9533-DC804E0EF7D9}.Debug|ARM.Deploy.0 = Debug|ARM
		{CB4BAA24-2A5B-4C9B-9533-DC804E0EF7D9}.Debug|ARM64.ActiveCfg = Debug|x86
		{CB4BAA24-2A5B-4C9B-9533-DC804E0EF7D9}.Debug|x64.ActiveCfg = Debug|x64
		{CB4BAA24-2A5B-4C9B-9533-DC804E0EF7D9}.Debug|x64.Build.0 = Debug|x64
		{CB4BAA24-2A5B-4C9B-9533-DC804E0EF7D9}.Debug|x64.Deploy.0 = Debug|x64
		{CB4BAA24-2A5B-4C9B-9533-DC804E0EF7D9}.Debug|x86.ActiveCfg = Debug|x86
		{CB4BAA24-2A5B-4C9B-9533-DC804E0EF7D9}.Debug|x86.Build.0 = Debug|x86
		{CB4BAA24-2A5B-4C9B-9533-DC804E0EF7D9}.Debug|x86.Deploy.0 = Debug|x86
		{CB4BAA24-2A5B-4C9B-9533-DC804E0EF7D9}.Release|Any CPU.ActiveCfg = Release|x86
		{CB4BAA24-2A5B-4C9B-9533-DC804E0EF7D9}.Release|ARM.ActiveCfg = Release|ARM
		{CB4BAA24-2A5B-4C9B-9533-DC804E0EF7D9}.Release|ARM.Build.0 = Release|ARM
		{CB4BAA24-2A5B-4C9B-9533-DC804E0EF7D9}.Release|ARM.Deploy.0 = Release|ARM
		{CB4BAA24-2A5B-4C9B-9533-DC804E0EF7D9}.Release|ARM64.ActiveCfg = Release|x86
		{CB4BAA24-2A5B-4C9B-9533-DC804E0EF7D9}.Release|x64.ActiveCfg = Release|x64
		{CB4BAA24-2A5B-4C9B-9533-DC804E0EF7D9}.Release|x64.Build.0 = Release|x64
		{CB4BAA24-2A5B-4C9B-9533-DC804E0EF7D9}.Release|x64.Deploy.0 = Release|x64
		{CB4BAA24-2A5B-4C9B-9533-DC804E0EF7D9}.Release|x86.ActiveCfg = Release|x86
		{CB4BAA24-2A5B-4C9B-9533-DC804E0EF7D9}.Release|x86.Build.0 = Release|x86
		{CB4BAA24-2A5B-4C9B-9533-DC804E0EF7D9}.Release|x86.Deploy.0 = Release|x86
		{E14371D7-D0BD-426C-91E0-1DC738715F7C}.Debug|Any CPU.ActiveCfg = Debug|x86
		{E14371D7-D0BD-426C-91E0-1DC738715F7C}.Debug|ARM.ActiveCfg = Debug|ARM
		{E14371D7-D0BD-426C-91E0-1DC738715F7C}.Debug|ARM.Build.0 = Debug|ARM
		{E14371D7-D0BD-426C-91E0-1DC738715F7C}.Debug|ARM.Deploy.0 = Debug|ARM
		{E14371D7-D0BD-426C-91E0-1DC738715F7C}.Debug|ARM64.ActiveCfg = Debug|x86
		{E14371D7-D0BD-426C-91E0-1DC738715F7C}.Debug|x64.ActiveCfg = Debug|x64
		{E14371D7-D0BD-426C-91E0-1DC738715F7C}.Debug|x64.Build.0 = Debug|x64
		{E14371D7-D0BD-426C-91E0-1DC738715F7C}.Debug|x64.Deploy.0 = Debug|x64
		{E14371D7-D0BD-426C-91E0-1DC738715F7C}.Debug|x86.ActiveCfg = Debug|x86
		{E14371D7-D0BD-426C-91E0-1DC738715F7C}.Debug|x86.Build.0 = Debug|x86
		{E14371D7-D0BD-426C-91E0-1DC738715F7C}.Debug|x86.Deploy.0 = Debug|x86
		{E14371D7-D0BD-426C-91E0-1DC738715F7C}.Release|Any CPU.ActiveCfg = Release|x86
		{E14371D7-D0BD-426C-91E0-1DC738715F7C}.Release|ARM.ActiveCfg = Release|ARM
		{E14371D7-D0BD-426C-91E0-1DC738715F7C}.Release|ARM.Build.0 = Release|ARM
		{E14371D7-D0BD-426C-91E0-1DC738715F7C}.Release|ARM.Deploy.0 = Release|ARM
		{E14371D7-D0BD-426C-91E0-1DC738715F7C}.Release|ARM64.ActiveCfg = Release|x86
		{E14371D7-D0BD-426C-91E0-1DC738715F7C}.Release|x64.ActiveCfg = Release|x64
		{E14371D7-D0BD-426C-91E0-1DC738715F7C}.Release|x64.Build.0 = Release|x64
		{E14371D7-D0BD-426C-91E0-1DC738715F7C}.Release|x64.Deploy.0 = Release|x64
		{E14371D7-D0BD-426C-91E0-1DC738715F7C}.Release|x86.ActiveCfg = Release|x86
		{E14371D7-D0BD-426C-91E0-1DC738715F7C}.Release|x86.Build.0 = Release|x86
		{E14371D7-D0BD-426C-91E0-1DC738715F7C}.Release|x86.Deploy.0 = Release|x86
		{5DBBCA9D-DD3D-4C1B-83F7-5E5663412648}.Debug|Any CPU.ActiveCfg = Debug|x86
		{5DBBCA9D-DD3D-4C1B-83F7-5E5663412648}.Debug|ARM.ActiveCfg = Debug|ARM
		{5DBBCA9D-DD3D-4C1B-83F7-5E5663412648}.Debug|ARM.Build.0 = Debug|ARM
		{5DBBCA9D-DD3D-4C1B-83F7-5E5663412648}.Debug|ARM.Deploy.0 = Debug|ARM
		{5DBBCA9D-DD3D-4C1B-83F7-5E5663412648}.Debug|ARM64.ActiveCfg = Debug|x86
		{5DBBCA9D-DD3D-4C1B-83F7-5E5663412648}.Debug|x64.ActiveCfg = Debug|x64
		{5DBBCA9D-DD3D-4C1B-83F7-5E5663412648}.Debug|x64.Build.0 = Debug|x64
		{5DBBCA9D-DD3D-4C1B-83F7-5E5663412648}.Debug|x64.Deploy.0 = Debug|x64
		{5DBBCA9D-DD3D-4C1B-83F7-5E5663412648}.Debug|x86.ActiveCfg = Debug|x86
		{5DBBCA9D-DD3D-4C1B-83F7-5E5663412648}.Debug|x86.Build.0 = Debug|x86
		{5DBBCA9D-DD3D-4C1B-83F7-5E5663412648}.Debug|x86.Deploy.0 = Debug|x86
		{5DBBCA9D-DD3D-4C1B-83F7-5E5663412648}.Release|Any CPU.ActiveCfg = Release|x86
		{5DBBCA9D-DD3D-4C1B-83F7-5E5663412648}.Release|ARM.ActiveCfg = Release|ARM
		{5DBBCA9D-DD3D-4C1B-83F7-5E5663412648}.Release|ARM.Build.0 = Release|ARM
		{5DBBCA9D-DD3D-4C1B-83F7-5E5663412648}.Release|ARM.Deploy.0 = Release|ARM
		{5DBBCA9D-DD3D-4C1B-83F7-5E5663412648}.Release|ARM64.ActiveCfg = Release|x86
		{5DBBCA9D-DD3D-4C1B-83F7-5E5663412648}.Release|x64.ActiveCfg = Release|x64
		{5DBBCA9D-DD3D-4C1B-83F7-5E5663412648}.Release|x64.Build.0 = Release|x64
		{5DBBCA9D-DD3D-4C1B-83F7-5E5663412648}.Release|x64.Deploy.0 = Release|x64
		{5DBBCA9D-DD3D-4C1B-83F7-5E5663412648}.Release|x86.ActiveCfg = Release|x86
		{5DBBCA9D-DD3D-4C1B-83F7-5E5663412648}.Release|x86.Build.0 = Release|x86
		{5DBBCA9D-DD3D-4C1B-83F7-5E5663412648}.Release|x86.Deploy.0 = Release|x86
		{3DF77BD7-E6A6-45CA-80C8-A77DD3BAFE41}.Debug|Any CPU.ActiveCfg = Debug|x86
		{3DF77BD7-E6A6-45CA-80C8-A77DD3BAFE41}.Debug|ARM.ActiveCfg = Debug|ARM
		{3DF77BD7-E6A6-45CA-80C8-A77DD3BAFE41}.Debug|ARM.Build.0 = Debug|ARM
		{3DF77BD7-E6A6-45CA-80C8-A77DD3BAFE41}.Debug|ARM.Deploy.0 = Debug|ARM
		{3DF77BD7-E6A6-45CA-80C8-A77DD3BAFE41}.Debug|ARM64.ActiveCfg = Debug|x86
		{3DF77BD7-E6A6-45CA-80C8-A77DD3BAFE41}.Debug|x64.ActiveCfg = Debug|x64
		{3DF77BD7-E6A6-45CA-80C8-A77DD3BAFE41}.Debug|x64.Build.0 = Debug|x64
		{3DF77BD7-E6A6-45CA-80C8-A77DD3BAFE41}.Debug|x64.Deploy.0 = Debug|x64
		{3DF77BD7-E6A6-45CA-80C8-A77DD3BAFE41}.Debug|x86.ActiveCfg = Debug|x86
		{3DF77BD7-E6A6-45CA-80C8-A77DD3BAFE41}.Debug|x86.Build.0 = Debug|x86
		{3DF77BD7-E6A6-45CA-80C8-A77DD3BAFE41}.Debug|x86.Deploy.0 = Debug|x86
		{3DF77BD7-E6A6-45CA-80C8-A77DD3BAFE41}.Release|Any CPU.ActiveCfg = Release|x86
		{3DF77BD7-E6A6-45CA-80C8-A77DD3BAFE41}.Release|ARM.ActiveCfg = Release|ARM
		{3DF77BD7-E6A6-45CA-80C8-A77DD3BAFE41}.Release|ARM.Build.0 = Release|ARM
		{3DF77BD7-E6A6-45CA-80C8-A77DD3BAFE41}.Release|ARM.Deploy.0 = Release|ARM
		{3DF77BD7-E6A6-45CA-80C8-A77DD3BAFE41}.Release|ARM64.ActiveCfg = Release|x86
		{3DF77BD7-E6A6-45CA-80C8-A77DD3BAFE41}.Release|x64.ActiveCfg = Release|x64
		{3DF77BD7-E6A6-45CA-80C8-A77DD3BAFE41}.Release|x64.Build.0 = Release|x64
		{3DF77BD7-E6A6-45CA-80C8-A77DD3BAFE41}.Release|x64.Deploy.0 = Release|x64
		{3DF77BD7-E6A6-45CA-80C8-A77DD3BAFE41}.Release|x86.ActiveCfg = Release|x86
		{3DF77BD7-E6A6-45CA-80C8-A77DD3BAFE41}.Release|x86.Build.0 = Release|x86
		{3DF77BD7-E6A6-45CA-80C8-A77DD3BAFE41}.Release|x86.Deploy.0 = Release|x86
		{5C7A6D52-C5DB-49AA-A4BD-73A28F32F107}.Debug|Any CPU.ActiveCfg = Debug|x86
		{5C7A6D52-C5DB-49AA-A4BD-73A28F32F107}.Debug|ARM.ActiveCfg = Debug|ARM
		{5C7A6D52-C5DB-49AA-A4BD-73A28F32F107}.Debug|ARM.Build.0 = Debug|ARM
		{5C7A6D52-C5DB-49AA-A4BD-73A28F32F107}.Debug|ARM.Deploy.0 = Debug|ARM
		{5C7A6D52-C5DB-49AA-A4BD-73A28F32F107}.Debug|ARM64.ActiveCfg = Debug|x86
		{5C7A6D52-C5DB-49AA-A4BD-73A28F32F107}.Debug|x64.ActiveCfg = Debug|x64
		{5C7A6D52-C5DB-49AA-A4BD-73A28F32F107}.Debug|x64.Build.0 = Debug|x64
		{5C7A6D52-C5DB-49AA-A4BD-73A28F32F107}.Debug|x64.Deploy.0 = Debug|x64
		{5C7A6D52-C5DB-49AA-A4BD-73A28F32F107}.Debug|x86.ActiveCfg = Debug|x86
		{5C7A6D52-C5DB-49AA-A4BD-73A28F32F107}.Debug|x86.Build.0 = Debug|x86
		{5C7A6D52-C5DB-49AA-A4BD-73A28F32F107}.Debug|x86.Deploy.0 = Debug|x86
		{5C7A6D52-C5DB-49AA-A4BD-73A28F32F107}.Release|Any CPU.ActiveCfg = Release|x86
		{5C7A6D52-C5DB-49AA-A4BD-73A28F32F107}.Release|ARM.ActiveCfg = Release|ARM
		{5C7A6D52-C5DB-49AA-A4BD-73A28F32F107}.Release|ARM.Build.0 = Release|ARM
		{5C7A6D52-C5DB-49AA-A4BD-73A28F32F107}.Release|ARM.Deploy.0 = Release|ARM
		{5C7A6D52-C5DB-49AA-A4BD-73A28F32F107}.Release|ARM64.ActiveCfg = Release|x86
		{5C7A6D52-C5DB-49AA-A4BD-73A28F32F107}.Release|x64.ActiveCfg = Release|x64
		{5C7A6D52-C5DB-49AA-A4BD-73A28F32F107}.Release|x64.Build.0 = Release|x64
		{5C7A6D52-C5DB-49AA-A4BD-73A28F32F107}.Release|x64.Deploy.0 = Release|x64
		{5C7A6D52-C5DB-49AA-A4BD-73A28F32F107}.Release|x86.ActiveCfg = Release|x86
		{5C7A6D52-C5DB-49AA-A4BD-73A28F32F107}.Release|x86.Build.0 = Release|x86
		{5C7A6D52-C5DB-49AA-A4BD-73A28F32F107}.Release|x86.Deploy.0 = Release|x86
		{191A0D34-5EB5-4789-B3A6-EAAE8953C2B0}.Debug|Any CPU.ActiveCfg = Debug|x86
		{191A0D34-5EB5-4789-B3A6-EAAE8953C2B0}.Debug|ARM.ActiveCfg = Debug|ARM
		{191A0D34-5EB5-4789-B3A6-EAAE8953C2B0}.Debug|ARM.Build.0 = Debug|ARM
		{191A0D34-5EB5-4789-B3A6-EAAE8953C2B0}.Debug|ARM.Deploy.0 = Debug|ARM
		{191A0D34-5EB5-4789-B3A6-EAAE8953C2B0}.Debug|ARM64.ActiveCfg = Debug|x86
		{191A0D34-5EB5-4789-B3A6-EAAE8953C2B0}.Debug|x64.ActiveCfg = Debug|x64
		{191A0D34-5EB5-4789-B3A6-EAAE8953C2B0}.Debug|x64.Build.0 = Debug|x64
		{191A0D34-5EB5-4789-B3A6-EAAE8953C2B0}.Debug|x64.Deploy.0 = Debug|x64
		{191A0D34-5EB5-4789-B3A6-EAAE8953C2B0}.Debug|x86.ActiveCfg = Debug|x86
		{191A0D34-5EB5-4789-B3A6-EAAE8953C2B0}.Debug|x86.Build.0 = Debug|x86
		{191A0D34-5EB5-4789-B3A6-EAAE8953C2B0}.Debug|x86.Deploy.0 = Debug|x86
		{191A0D34-5EB5-4789-B3A6-EAAE8953C2B0}.Release|Any CPU.ActiveCfg = Release|x86
		{191A0D34-5EB5-4789-B3A6-EAAE8953C2B0}.Release|ARM.ActiveCfg = Release|ARM
		{191A0D34-5EB5-4789-B3A6-EAAE8953C2B0}.Release|ARM.Build.0 = Release|ARM
		{191A0D34-5EB5-4789-B3A6-EAAE8953C2B0}.Release|ARM.Deploy.0 = Release|ARM
		{191A0D34-5EB5-4789-B3A6-EAAE8953C2B0}.Release|ARM64.ActiveCfg = Release|x86
		{191A0D34-5EB5-4789-B3A6-EAAE8953C2B0}.Release|x64.ActiveCfg = Release|x64
		{191A0D34-5EB5-4789-B3A6-EAAE8953C2B0}.Release|x64.Build.0 = Release|x64
		{191A0D34-5EB5-4789-B3A6-EAAE8953C2B0}.Release|x64.Deploy.0 = Release|x64
		{191A0D34-5EB5-4789-B3A6-EAAE8953C2B0}.Release|x86.ActiveCfg = Release|x86
		{191A0D34-5EB5-4789-B3A6-EAAE8953C2B0}.Release|x86.Build.0 = Release|x86
		{191A0D34-5EB5-4789-B3A6-EAAE8953C2B0}.Release|x86.Deploy.0 = Release|x86
		{9ECC7E2A-3C9C-48BB-84F4-7FA38262E004}.Debug|Any CPU.ActiveCfg = Debug|x86
		{9ECC7E2A-3C9C-48BB-84F4-7FA38262E004}.Debug|ARM.ActiveCfg = Debug|ARM
		{9ECC7E2A-3C9C-48BB-84F4-7FA38262E004}.Debug|ARM.Build.0 = Debug|ARM
		{9ECC7E2A-3C9C-48BB-84F4-7FA38262E004}.Debug|ARM.Deploy.0 = Debug|ARM
		{9ECC7E2A-3C9C-48BB-84F4-7FA38262E004}.Debug|ARM64.ActiveCfg = Debug|x86
		{9ECC7E2A-3C9C-48BB-84F4-7FA38262E004}.Debug|x64.ActiveCfg = Debug|x64
		{9ECC7E2A-3C9C-48BB-84F4-7FA38262E004}.Debug|x64.Build.0 = Debug|x64
		{9ECC7E2A-3C9C-48BB-84F4-7FA38262E004}.Debug|x64.Deploy.0 = Debug|x64
		{9ECC7E2A-3C9C-48BB-84F4-7FA38262E004}.Debug|x86.ActiveCfg = Debug|x86
		{9ECC7E2A-3C9C-48BB-84F4-7FA38262E004}.Debug|x86.Build.0 = Debug|x86
		{9ECC7E2A-3C9C-48BB-84F4-7FA38262E004}.Debug|x86.Deploy.0 = Debug|x86
		{9ECC7E2A-3C9C-48BB-84F4-7FA38262E004}.Release|Any CPU.ActiveCfg = Release|x86
		{9ECC7E2A-3C9C-48BB-84F4-7FA38262E004}.Release|ARM.ActiveCfg = Release|ARM
		{9ECC7E2A-3C9C-48BB-84F4-7FA38262E004}.Release|ARM.Build.0 = Release|ARM
		{9ECC7E2A-3C9C-48BB-84F4-7FA38262E004}.Release|ARM.Deploy.0 = Release|ARM
		{9ECC7E2A-3C9C-48BB-84F4-7FA38262E004}.Release|ARM64.ActiveCfg = Release|x86
		{9ECC7E2A-3C9C-48BB-84F4-7FA38262E004}.Release|x64.ActiveCfg = Release|x64
		{9ECC7E2A-3C9C-48BB-84F4-7FA38262E004}.Release|x64.Build.0 = Release|x64
		{9ECC7E2A-3C9C-48BB-84F4-7FA38262E004}.Release|x64.Deploy.0 = Release|x64
		{9ECC7E2A-3C9C-48BB-84F4-7FA38262E004}.Release|x86.ActiveCfg = Release|x86
		{9ECC7E2A-3C9C-48BB-84F4-7FA38262E004}.Release|x86.Build.0 = Release|x86
		{9ECC7E2A-3C9C-48BB-84F4-7FA38262E004}.Release|x86.Deploy.0 = Release|x86
		{AF0D3CB6-0723-4B64-AB31-711CA273111E}.Debug|Any CPU.ActiveCfg = Debug|x86
		{AF0D3CB6-0723-4B64-AB31-711CA273111E}.Debug|ARM.ActiveCfg = Debug|ARM
		{AF0D3CB6-0723-4B64-AB31-711CA273111E}.Debug|ARM.Build.0 = Debug|ARM
		{AF0D3CB6-0723-4B64-AB31-711CA273111E}.Debug|ARM.Deploy.0 = Debug|ARM
		{AF0D3CB6-0723-4B64-AB31-711CA273111E}.Debug|ARM64.ActiveCfg = Debug|x86
		{AF0D3CB6-0723-4B64-AB31-711CA273111E}.Debug|x64.ActiveCfg = Debug|x64
		{AF0D3CB6-0723-4B64-AB31-711CA273111E}.Debug|x64.Build.0 = Debug|x64
		{AF0D3CB6-0723-4B64-AB31-711CA273111E}.Debug|x64.Deploy.0 = Debug|x64
		{AF0D3CB6-0723-4B64-AB31-711CA273111E}.Debug|x86.ActiveCfg = Debug|x86
		{AF0D3CB6-0723-4B64-AB31-711CA273111E}.Debug|x86.Build.0 = Debug|x86
		{AF0D3CB6-0723-4B64-AB31-711CA273111E}.Debug|x86.Deploy.0 = Debug|x86
		{AF0D3CB6-0723-4B64-AB31-711CA273111E}.Release|Any CPU.ActiveCfg = Release|x86
		{AF0D3CB6-0723-4B64-AB31-711CA273111E}.Release|ARM.ActiveCfg = Release|ARM
		{AF0D3CB6-0723-4B64-AB31-711CA273111E}.Release|ARM.Build.0 = Release|ARM
		{AF0D3CB6-0723-4B64-AB31-711CA273111E}.Release|ARM.Deploy.0 = Release|ARM
		{AF0D3CB6-0723-4B64-AB31-711CA273111E}.Release|ARM64.ActiveCfg = Release|x86
		{AF0D3CB6-0723-4B64-AB31-711CA273111E}.Release|x64.ActiveCfg = Release|x64
		{AF0D3CB6-0723-4B64-AB31-711CA273111E}.Release|x64.Build.0 = Release|x64
		{AF0D3CB6-0723-4B64-AB31-711CA273111E}.Release|x64.Deploy.0 = Release|x64
		{AF0D3CB6-0723-4B64-AB31-711CA273111E}.Release|x86.ActiveCfg = Release|x86
		{AF0D3CB6-0723-4B64-AB31-711CA273111E}.Release|x86.Build.0 = Release|x86
		{AF0D3CB6-0723-4B64-AB31-711CA273111E}.Release|x86.Deploy.0 = Release|x86
		{3A242B76-09BA-4912-9E4A-AEC3C635702A}.Debug|Any CPU.ActiveCfg = Debug|x86
		{3A242B76-09BA-4912-9E4A-AEC3C635702A}.Debug|ARM.ActiveCfg = Debug|ARM
		{3A242B76-09BA-4912-9E4A-AEC3C635702A}.Debug|ARM.Build.0 = Debug|ARM
		{3A242B76-09BA-4912-9E4A-AEC3C635702A}.Debug|ARM.Deploy.0 = Debug|ARM
		{3A242B76-09BA-4912-9E4A-AEC3C635702A}.Debug|ARM64.ActiveCfg = Debug|x86
		{3A242B76-09BA-4912-9E4A-AEC3C635702A}.Debug|x64.ActiveCfg = Debug|x64
		{3A242B76-09BA-4912-9E4A-AEC3C635702A}.Debug|x64.Build.0 = Debug|x64
		{3A242B76-09BA-4912-9E4A-AEC3C635702A}.Debug|x64.Deploy.0 = Debug|x64
		{3A242B76-09BA-4912-9E4A-AEC3C635702A}.Debug|x86.ActiveCfg = Debug|x86
		{3A242B76-09BA-4912-9E4A-AEC3C635702A}.Debug|x86.Build.0 = Debug|x86
		{3A242B76-09BA-4912-9E4A-AEC3C635702A}.Debug|x86.Deploy.0 = Debug|x86
		{3A242B76-09BA-4912-9E4A-AEC3C635702A}.Release|Any CPU.ActiveCfg = Release|x86
		{3A242B76-09BA-4912-9E4A-AEC3C635702A}.Release|ARM.ActiveCfg = Release|ARM
		{3A242B76-09BA-4912-9E4A-AEC3C635702A}.Release|ARM.Build.0 = Release|ARM
		{3A242B76-09BA-4912-9E4A-AEC3C635702A}.Release|ARM.Deploy.0 = Release|ARM
		{3A242B76-09BA-4912-9E4A-AEC3C635702A}.Release|ARM64.ActiveCfg = Release|x86
		{3A242B76-09BA-4912-9E4A-AEC3C635702A}.Release|x64.ActiveCfg = Release|x64
		{3A242B76-09BA-4912-9E4A-AEC3C635702A}.Release|x64.Build.0 = Release|x64
		{3A242B76-09BA-4912-9E4A-AEC3C635702A}.Release|x64.Deploy.0 = Release|x64
		{3A242B76-09BA-4912-9E4A-AEC3C635702A}.Release|x86.ActiveCfg = Release|x86
		{3A242B76-09BA-4912-9E4A-AEC3C635702A}.Release|x86.Build.0 = Release|x86
		{3A242B76-09BA-4912-9E4A-AEC3C635702A}.Release|x86.Deploy.0 = Release|x86
		{8E6FC3F5-B34A-4D22-8577-83A146828011}.Debug|Any CPU.ActiveCfg = Debug|x86
		{8E6FC3F5-B34A-4D22-8577-83A146828011}.Debug|ARM.ActiveCfg = Debug|ARM
		{8E6FC3F5-B34A-4D22-8577-83A146828011}.Debug|ARM.Build.0 = Debug|ARM
		{8E6FC3F5-B34A-4D22-8577-83A146828011}.Debug|ARM.Deploy.0 = Debug|ARM
		{8E6FC3F5-B34A-4D22-8577-83A146828011}.Debug|ARM64.ActiveCfg = Debug|x86
		{8E6FC3F5-B34A-4D22-8577-83A146828011}.Debug|x64.ActiveCfg = Debug|x64
		{8E6FC3F5-B34A-4D22-8577-83A146828011}.Debug|x64.Build.0 = Debug|x64
		{8E6FC3F5-B34A-4D22-8577-83A146828011}.Debug|x64.Deploy.0 = Debug|x64
		{8E6FC3F5-B34A-4D22-8577-83A146828011}.Debug|x86.ActiveCfg = Debug|x86
		{8E6FC3F5-B34A-4D22-8577-83A146828011}.Debug|x86.Build.0 = Debug|x86
		{8E6FC3F5-B34A-4D22-8577-83A146828011}.Debug|x86.Deploy.0 = Debug|x86
		{8E6FC3F5-B34A-4D22-8577-83A146828011}.Release|Any CPU.ActiveCfg = Release|x86
		{8E6FC3F5-B34A-4D22-8577-83A146828011}.Release|ARM.ActiveCfg = Release|ARM
		{8E6FC3F5-B34A-4D22-8577-83A146828011}.Release|ARM.Build.0 = Release|ARM
		{8E6FC3F5-B34A-4D22-8577-83A146828011}.Release|ARM.Deploy.0 = Release|ARM
		{8E6FC3F5-B34A-4D22-8577-83A146828011}.Release|ARM64.ActiveCfg = Release|x86
		{8E6FC3F5-B34A-4D22-8577-83A146828011}.Release|x64.ActiveCfg = Release|x64
		{8E6FC3F5-B34A-4D22-8577-83A146828011}.Release|x64.Build.0 = Release|x64
		{8E6FC3F5-B34A-4D22-8577-83A146828011}.Release|x64.Deploy.0 = Release|x64
		{8E6FC3F5-B34A-4D22-8577-83A146828011}.Release|x86.ActiveCfg = Release|x86
		{8E6FC3F5-B34A-4D22-8577-83A146828011}.Release|x86.Build.0 = Release|x86
		{8E6FC3F5-B34A-4D22-8577-83A146828011}.Release|x86.Deploy.0 = Release|x86
		{E31B0295-51B2-48F8-98E3-C160D841E755}.Debug|Any CPU.ActiveCfg = Debug|x86
		{E31B0295-51B2-48F8-98E3-C160D841E755}.Debug|ARM.ActiveCfg = Debug|ARM
		{E31B0295-51B2-48F8-98E3-C160D841E755}.Debug|ARM.Build.0 = Debug|ARM
		{E31B0295-51B2-48F8-98E3-C160D841E755}.Debug|ARM.Deploy.0 = Debug|ARM
		{E31B0295-51B2-48F8-98E3-C160D841E755}.Debug|ARM64.ActiveCfg = Debug|x86
		{E31B0295-51B2-48F8-98E3-C160D841E755}.Debug|x64.ActiveCfg = Debug|x64
		{E31B0295-51B2-48F8-98E3-C160D841E755}.Debug|x64.Build.0 = Debug|x64
		{E31B0295-51B2-48F8-98E3-C160D841E755}.Debug|x64.Deploy.0 = Debug|x64
		{E31B0295-51B2-48F8-98E3-C160D841E755}.Debug|x86.ActiveCfg = Debug|x86
		{E31B0295-51B2-48F8-98E3-C160D841E755}.Debug|x86.Build.0 = Debug|x86
		{E31B0295-51B2-48F8-98E3-C160D841E755}.Debug|x86.Deploy.0 = Debug|x86
		{E31B0295-51B2-48F8-98E3-C160D841E755}.Release|Any CPU.ActiveCfg = Release|x86
		{E31B0295-51B2-48F8-98E3-C160D841E755}.Release|ARM.ActiveCfg = Release|ARM
		{E31B0295-51B2-48F8-98E3-C160D841E755}.Release|ARM.Build.0 = Release|ARM
		{E31B0295-51B2-48F8-98E3-C160D841E755}.Release|ARM.Deploy.0 = Release|ARM
		{E31B0295-51B2-48F8-98E3-C160D841E755}.Release|ARM64.ActiveCfg = Release|x86
		{E31B0295-51B2-48F8-98E3-C160D841E755}.Release|x64.ActiveCfg = Release|x64
		{E31B0295-51B2-48F8-98E3-C160D841E755}.Release|x64.Build.0 = Release|x64
		{E31B0295-51B2-48F8-98E3-C160D841E755}.Release|x64.Deploy.0 = Release|x64
		{E31B0295-51B2-48F8-98E3-C160D841E755}.Release|x86.ActiveCfg = Release|x86
		{E31B0295-51B2-48F8-98E3-C160D841E755}.Release|x86.Build.0 = Release|x86
		{E31B0295-51B2-48F8-98E3-C160D841E755}.Release|x86.Deploy.0 = Release|x86
		{594FDCEE-A55E-4EDF-AF15-5827F13354BB}.Debug|Any CPU.ActiveCfg = Debug|x86
		{594FDCEE-A55E-4EDF-AF15-5827F13354BB}.Debug|ARM.ActiveCfg = Debug|ARM
		{594FDCEE-A55E-4EDF-AF15-5827F13354BB}.Debug|ARM.Build.0 = Debug|ARM
		{594FDCEE-A55E-4EDF-AF15-5827F13354BB}.Debug|ARM.Deploy.0 = Debug|ARM
		{594FDCEE-A55E-4EDF-AF15-5827F13354BB}.Debug|ARM64.ActiveCfg = Debug|x86
		{594FDCEE-A55E-4EDF-AF15-5827F13354BB}.Debug|x64.ActiveCfg = Debug|x64
		{594FDCEE-A55E-4EDF-AF15-5827F13354BB}.Debug|x64.Build.0 = Debug|x64
		{594FDCEE-A55E-4EDF-AF15-5827F13354BB}.Debug|x64.Deploy.0 = Debug|x64
		{594FDCEE-A55E-4EDF-AF15-5827F13354BB}.Debug|x86.ActiveCfg = Debug|x86
		{594FDCEE-A55E-4EDF-AF15-5827F13354BB}.Debug|x86.Build.0 = Debug|x86
		{594FDCEE-A55E-4EDF-AF15-5827F13354BB}.Debug|x86.Deploy.0 = Debug|x86
		{594FDCEE-A55E-4EDF-AF15-5827F13354BB}.Release|Any CPU.ActiveCfg = Release|x86
		{594FDCEE-A55E-4EDF-AF15-5827F13354BB}.Release|ARM.ActiveCfg = Release|ARM
		{594FDCEE-A55E-4EDF-AF15-5827F13354BB}.Release|ARM.Build.0 = Release|ARM
		{594FDCEE-A55E-4EDF-AF15-5827F13354BB}.Release|ARM.Deploy.0 = Release|ARM
		{594FDCEE-A55E-4EDF-AF15-5827F13354BB}.Release|ARM64.ActiveCfg = Release|x86
		{594FDCEE-A55E-4EDF-AF15-5827F13354BB}.Release|x64.ActiveCfg = Release|x64
		{594FDCEE-A55E-4EDF-AF15-5827F13354BB}.Release|x64.Build.0 = Release|x64
		{594FDCEE-A55E-4EDF-AF15-5827F13354BB}.Release|x64.Deploy.0 = Release|x64
		{594FDCEE-A55E-4EDF-AF15-5827F13354BB}.Release|x86.ActiveCfg = Release|x86
		{594FDCEE-A55E-4EDF-AF15-5827F13354BB}.Release|x86.Build.0 = Release|x86
		{594FDCEE-A55E-4EDF-AF15-5827F13354BB}.Release|x86.Deploy.0 = Release|x86
		{D4BE0845-3ABE-43EF-9973-E2057EE760B1}.Debug|Any CPU.ActiveCfg = Debug|x86
		{D4BE0845-3ABE-43EF-9973-E2057EE760B1}.Debug|ARM.ActiveCfg = Debug|ARM
		{D4BE0845-3ABE-43EF-9973-E2057EE760B1}.Debug|ARM.Build.0 = Debug|ARM
		{D4BE0845-3ABE-43EF-9973-E2057EE760B1}.Debug|ARM.Deploy.0 = Debug|ARM
		{D4BE0845-3ABE-43EF-9973-E2057EE760B1}.Debug|ARM64.ActiveCfg = Debug|x86
		{D4BE0845-3ABE-43EF-9973-E2057EE760B1}.Debug|x64.ActiveCfg = Debug|x64
		{D4BE0845-3ABE-43EF-9973-E2057EE760B1}.Debug|x64.Build.0 = Debug|x64
		{D4BE0845-3ABE-43EF-9973-E2057EE760B1}.Debug|x64.Deploy.0 = Debug|x64
		{D4BE0845-3ABE-43EF-9973-E2057EE760B1}.Debug|x86.ActiveCfg = Debug|x86
		{D4BE0845-3ABE-43EF-9973-E2057EE760B1}.Debug|x86.Build.0 = Debug|x86
		{D4BE0845-3ABE-43EF-9973-E2057EE760B1}.Debug|x86.Deploy.0 = Debug|x86
		{D4BE0845-3ABE-43EF-9973-E2057EE760B1}.Release|Any CPU.ActiveCfg = Release|x86
		{D4BE0845-3ABE-43EF-9973-E2057EE760B1}.Release|ARM.ActiveCfg = Release|ARM
		{D4BE0845-3ABE-43EF-9973-E2057EE760B1}.Release|ARM.Build.0 = Release|ARM
		{D4BE0845-3ABE-43EF-9973-E2057EE760B1}.Release|ARM.Deploy.0 = Release|ARM
		{D4BE0845-3ABE-43EF-9973-E2057EE760B1}.Release|ARM64.ActiveCfg = Release|x86
		{D4BE0845-3ABE-43EF-9973-E2057EE760B1}.Release|x64.ActiveCfg = Release|x64
		{D4BE0845-3ABE-43EF-9973-E2057EE760B1}.Release|x64.Build.0 = Release|x64
		{D4BE0845-3ABE-43EF-9973-E2057EE760B1}.Release|x64.Deploy.0 = Release|x64
		{D4BE0845-3ABE-43EF-9973-E2057EE760B1}.Release|x86.ActiveCfg = Release|x86
		{D4BE0845-3ABE-43EF-9973-E2057EE760B1}.Release|x86.Build.0 = Release|x86
		{D4BE0845-3ABE-43EF-9973-E2057EE760B1}.Release|x86.Deploy.0 = Release|x86
		{D2A7D013-001B-431B-9C76-A0CF7834F93F}.Debug|Any CPU.ActiveCfg = Debug|x86
		{D2A7D013-001B-431B-9C76-A0CF7834F93F}.Debug|ARM.ActiveCfg = Debug|ARM
		{D2A7D013-001B-431B-9C76-A0CF7834F93F}.Debug|ARM.Build.0 = Debug|ARM
		{D2A7D013-001B-431B-9C76-A0CF7834F93F}.Debug|ARM.Deploy.0 = Debug|ARM
		{D2A7D013-001B-431B-9C76-A0CF7834F93F}.Debug|ARM64.ActiveCfg = Debug|x86
		{D2A7D013-001B-431B-9C76-A0CF7834F93F}.Debug|x64.ActiveCfg = Debug|x64
		{D2A7D013-001B-431B-9C76-A0CF7834F93F}.Debug|x64.Build.0 = Debug|x64
		{D2A7D013-001B-431B-9C76-A0CF7834F93F}.Debug|x64.Deploy.0 = Debug|x64
		{D2A7D013-001B-431B-9C76-A0CF7834F93F}.Debug|x86.ActiveCfg = Debug|x86
		{D2A7D013-001B-431B-9C76-A0CF7834F93F}.Debug|x86.Build.0 = Debug|x86
		{D2A7D013-001B-431B-9C76-A0CF7834F93F}.Debug|x86.Deploy.0 = Debug|x86
		{D2A7D013-001B-431B-9C76-A0CF7834F93F}.Release|Any CPU.ActiveCfg = Release|x86
		{D2A7D013-001B-431B-9C76-A0CF7834F93F}.Release|ARM.ActiveCfg = Release|ARM
		{D2A7D013-001B-431B-9C76-A0CF7834F93F}.Release|ARM.Build.0 = Release|ARM
		{D2A7D013-001B-431B-9C76-A0CF7834F93F}.Release|ARM.Deploy.0 = Release|ARM
		{D2A7D013-001B-431B-9C76-A0CF7834F93F}.Release|ARM64.ActiveCfg = Release|x86
		{D2A7D013-001B-431B-9C76-A0CF7834F93F}.Release|x64.ActiveCfg = Release|x64
		{D2A7D013-001B-431B-9C76-A0CF7834F93F}.Release|x64.Build.0 = Release|x64
		{D2A7D013-001B-431B-9C76-A0CF7834F93F}.Release|x64.Deploy.0 = Release|x64
		{D2A7D013-001B-431B-9C76-A0CF7834F93F}.Release|x86.ActiveCfg = Release|x86
		{D2A7D013-001B-431B-9C76-A0CF7834F93F}.Release|x86.Build.0 = Release|x86
		{D2A7D013-001B-431B-9C76-A0CF7834F93F}.Release|x86.Deploy.0 = Release|x86
		{0949F5CA-E11A-4C64-B11F-478AE08E31B0}.Debug|Any CPU.ActiveCfg = Debug|x86
		{0949F5CA-E11A-4C64-B11F-478AE08E31B0}.Debug|ARM.ActiveCfg = Debug|ARM
		{0949F5CA-E11A-4C64-B11F-478AE08E31B0}.Debug|ARM.Build.0 = Debug|ARM
		{0949F5CA-E11A-4C64-B11F-478AE08E31B0}.Debug|ARM.Deploy.0 = Debug|ARM
		{0949F5CA-E11A-4C64-B11F-478AE08E31B0}.Debug|ARM64.ActiveCfg = Debug|x86
		{0949F5CA-E11A-4C64-B11F-478AE08E31B0}.Debug|x64.ActiveCfg = Debug|x64
		{0949F5CA-E11A-4C64-B11F-478AE08E31B0}.Debug|x64.Build.0 = Debug|x64
		{0949F5CA-E11A-4C64-B11F-478AE08E31B0}.Debug|x64.Deploy.0 = Debug|x64
		{0949F5CA-E11A-4C64-B11F-478AE08E31B0}.Debug|x86.ActiveCfg = Debug|x86
		{0949F5CA-E11A-4C64-B11F-478AE08E31B0}.Debug|x86.Build.0 = Debug|x86
		{0949F5CA-E11A-4C64-B11F-478AE08E31B0}.Debug|x86.Deploy.0 = Debug|x86
		{0949F5CA-E11A-4C64-B11F-478AE08E31B0}.Release|Any CPU.ActiveCfg = Release|x86
		{0949F5CA-E11A-4C64-B11F-478AE08E31B0}.Release|ARM.ActiveCfg = Release|ARM
		{0949F5CA-E11A-4C64-B11F-478AE08E31B0}.Release|ARM.Build.0 = Release|ARM
		{0949F5CA-E11A-4C64-B11F-478AE08E31B0}.Release|ARM.Deploy.0 = Release|ARM
		{0949F5CA-E11A-4C64-B11F-478AE08E31B0}.Release|ARM64.ActiveCfg = Release|x86
		{0949F5CA-E11A-4C64-B11F-478AE08E31B0}.Release|x64.ActiveCfg = Release|x64
		{0949F5CA-E11A-4C64-B11F-478AE08E31B0}.Release|x64.Build.0 = Release|x64
		{0949F5CA-E11A-4C64-B11F-478AE08E31B0}.Release|x64.Deploy.0 = Release|x64
		{0949F5CA-E11A-4C64-B11F-478AE08E31B0}.Release|x86.ActiveCfg = Release|x86
		{0949F5CA-E11A-4C64-B11F-478AE08E31B0}.Release|x86.Build.0 = Release|x86
		{0949F5CA-E11A-4C64-B11F-478AE08E31B0}.Release|x86.Deploy.0 = Release|x86
		{8B3D52CE-2D6A-46D6-B6C2-40C7C8125982}.Debug|Any CPU.ActiveCfg = Debug|x86
		{8B3D52CE-2D6A-46D6-B6C2-40C7C8125982}.Debug|ARM.ActiveCfg = Debug|ARM
		{8B3D52CE-2D6A-46D6-B6C2-40C7C8125982}.Debug|ARM.Build.0 = Debug|ARM
		{8B3D52CE-2D6A-46D6-B6C2-40C7C8125982}.Debug|ARM.Deploy.0 = Debug|ARM
		{8B3D52CE-2D6A-46D6-B6C2-40C7C8125982}.Debug|ARM64.ActiveCfg = Debug|x86
		{8B3D52CE-2D6A-46D6-B6C2-40C7C8125982}.Debug|x64.ActiveCfg = Debug|x64
		{8B3D52CE-2D6A-46D6-B6C2-40C7C8125982}.Debug|x64.Build.0 = Debug|x64
		{8B3D52CE-2D6A-46D6-B6C2-40C7C8125982}.Debug|x64.Deploy.0 = Debug|x64
		{8B3D52CE-2D6A-46D6-B6C2-40C7C8125982}.Debug|x86.ActiveCfg = Debug|x86
		{8B3D52CE-2D6A-46D6-B6C2-40C7C8125982}.Debug|x86.Build.0 = Debug|x86
		{8B3D52CE-2D6A-46D6-B6C2-40C7C8125982}.Debug|x86.Deploy.0 = Debug|x86
		{8B3D52CE-2D6A-46D6-B6C2-40C7C8125982}.Release|Any CPU.ActiveCfg = Release|x86
		{8B3D52CE-2D6A-46D6-B6C2-40C7C8125982}.Release|ARM.ActiveCfg = Release|ARM
		{8B3D52CE-2D6A-46D6-B6C2-40C7C8125982}.Release|ARM.Build.0 = Release|ARM
		{8B3D52CE-2D6A-46D6-B6C2-40C7C8125982}.Release|ARM.Deploy.0 = Release|ARM
		{8B3D52CE-2D6A-46D6-B6C2-40C7C8125982}.Release|ARM64.ActiveCfg = Release|x86
		{8B3D52CE-2D6A-46D6-B6C2-40C7C8125982}.Release|x64.ActiveCfg = Release|x64
		{8B3D52CE-2D6A-46D6-B6C2-40C7C8125982}.Release|x64.Build.0 = Release|x64
		{8B3D52CE-2D6A-46D6-B6C2-40C7C8125982}.Release|x64.Deploy.0 = Release|x64
		{8B3D52CE-2D6A-46D6-B6C2-40C7C8125982}.Release|x86.ActiveCfg = Release|x86
		{8B3D52CE-2D6A-46D6-B6C2-40C7C8125982}.Release|x86.Build.0 = Release|x86
		{8B3D52CE-2D6A-46D6-B6C2-40C7C8125982}.Release|x86.Deploy.0 = Release|x86
		{9500F830-2329-4065-A3F9-1860A87AB9BB}.Debug|Any CPU.ActiveCfg = Debug|x86
		{9500F830-2329-4065-A3F9-1860A87AB9BB}.Debug|ARM.ActiveCfg = Debug|ARM
		{9500F830-2329-4065-A3F9-1860A87AB9BB}.Debug|ARM.Build.0 = Debug|ARM
		{9500F830-2329-4065-A3F9-1860A87AB9BB}.Debug|ARM.Deploy.0 = Debug|ARM
		{9500F830-2329-4065-A3F9-1860A87AB9BB}.Debug|ARM64.ActiveCfg = Debug|x86
		{9500F830-2329-4065-A3F9-1860A87AB9BB}.Debug|x64.ActiveCfg = Debug|x64
		{9500F830-2329-4065-A3F9-1860A87AB9BB}.Debug|x64.Build.0 = Debug|x64
		{9500F830-2329-4065-A3F9-1860A87AB9BB}.Debug|x64.Deploy.0 = Debug|x64
		{9500F830-2329-4065-A3F9-1860A87AB9BB}.Debug|x86.ActiveCfg = Debug|x86
		{9500F830-2329-4065-A3F9-1860A87AB9BB}.Debug|x86.Build.0 = Debug|x86
		{9500F830-2329-4065-A3F9-1860A87AB9BB}.Debug|x86.Deploy.0 = Debug|x86
		{9500F830-2329-4065-A3F9-1860A87AB9BB}.Release|Any CPU.ActiveCfg = Release|x86
		{9500F830-2329-4065-A3F9-1860A87AB9BB}.Release|ARM.ActiveCfg = Release|ARM
		{9500F830-2329-4065-A3F9-1860A87AB9BB}.Release|ARM.Build.0 = Release|ARM
		{9500F830-2329-4065-A3F9-1860A87AB9BB}.Release|ARM.Deploy.0 = Release|ARM
		{9500F830-2329-4065-A3F9-1860A87AB9BB}.Release|ARM64.ActiveCfg = Release|x86
		{9500F830-2329-4065-A3F9-1860A87AB9BB}.Release|x64.ActiveCfg = Release|x64
		{9500F830-2329-4065-A3F9-1860A87AB9BB}.Release|x64.Build.0 = Release|x64
		{9500F830-2329-4065-A3F9-1860A87AB9BB}.Release|x64.Deploy.0 = Release|x64
		{9500F830-2329-4065-A3F9-1860A87AB9BB}.Release|x86.ActiveCfg = Release|x86
		{9500F830-2329-4065-A3F9-1860A87AB9BB}.Release|x86.Build.0 = Release|x86
		{9500F830-2329-4065-A3F9-1860A87AB9BB}.Release|x86.Deploy.0 = Release|x86
		{1B455C66-1EEA-4DED-9F15-25FC2044AD92}.Debug|Any CPU.ActiveCfg = Debug|x86
		{1B455C66-1EEA-4DED-9F15-25FC2044AD92}.Debug|ARM.ActiveCfg = Debug|ARM
		{1B455C66-1EEA-4DED-9F15-25FC2044AD92}.Debug|ARM.Build.0 = Debug|ARM
		{1B455C66-1EEA-4DED-9F15-25FC2044AD92}.Debug|ARM.Deploy.0 = Debug|ARM
		{1B455C66-1EEA-4DED-9F15-25FC2044AD92}.Debug|ARM64.ActiveCfg = Debug|x86
		{1B455C66-1EEA-4DED-9F15-25FC2044AD92}.Debug|x64.ActiveCfg = Debug|x64
		{1B455C66-1EEA-4DED-9F15-25FC2044AD92}.Debug|x64.Build.0 = Debug|x64
		{1B455C66-1EEA-4DED-9F15-25FC2044AD92}.Debug|x64.Deploy.0 = Debug|x64
		{1B455C66-1EEA-4DED-9F15-25FC2044AD92}.Debug|x86.ActiveCfg = Debug|x86
		{1B455C66-1EEA-4DED-9F15-25FC2044AD92}.Debug|x86.Build.0 = Debug|x86
		{1B455C66-1EEA-4DED-9F15-25FC2044AD92}.Debug|x86.Deploy.0 = Debug|x86
		{1B455C66-1EEA-4DED-9F15-25FC2044AD92}.Release|Any CPU.ActiveCfg = Release|x86
		{1B455C66-1EEA-4DED-9F15-25FC2044AD92}.Release|ARM.ActiveCfg = Release|ARM
		{1B455C66-1EEA-4DED-9F15-25FC2044AD92}.Release|ARM.Build.0 = Release|ARM
		{1B455C66-1EEA-4DED-9F15-25FC2044AD92}.Release|ARM.Deploy.0 = Release|ARM
		{1B455C66-1EEA-4DED-9F15-25FC2044AD92}.Release|ARM64.ActiveCfg = Release|x86
		{1B455C66-1EEA-4DED-9F15-25FC2044AD92}.Release|x64.ActiveCfg = Release|x64
		{1B455C66-1EEA-4DED-9F15-25FC2044AD92}.Release|x64.Build.0 = Release|x64
		{1B455C66-1EEA-4DED-9F15-25FC2044AD92}.Release|x64.Deploy.0 = Release|x64
		{1B455C66-1EEA-4DED-9F15-25FC2044AD92}.Release|x86.ActiveCfg = Release|x86
		{1B455C66-1EEA-4DED-9F15-25FC2044AD92}.Release|x86.Build.0 = Release|x86
		{1B455C66-1EEA-4DED-9F15-25FC2044AD92}.Release|x86.Deploy.0 = Release|x86
		{5301091E-84D8-457B-8449-F07C0BD33BF2}.Debug|Any CPU.ActiveCfg = Debug|x86
		{5301091E-84D8-457B-8449-F07C0BD33BF2}.Debug|ARM.ActiveCfg = Debug|ARM
		{5301091E-84D8-457B-8449-F07C0BD33BF2}.Debug|ARM.Build.0 = Debug|ARM
		{5301091E-84D8-457B-8449-F07C0BD33BF2}.Debug|ARM.Deploy.0 = Debug|ARM
		{5301091E-84D8-457B-8449-F07C0BD33BF2}.Debug|ARM64.ActiveCfg = Debug|x86
		{5301091E-84D8-457B-8449-F07C0BD33BF2}.Debug|x64.ActiveCfg = Debug|x64
		{5301091E-84D8-457B-8449-F07C0BD33BF2}.Debug|x64.Build.0 = Debug|x64
		{5301091E-84D8-457B-8449-F07C0BD33BF2}.Debug|x64.Deploy.0 = Debug|x64
		{5301091E-84D8-457B-8449-F07C0BD33BF2}.Debug|x86.ActiveCfg = Debug|x86
		{5301091E-84D8-457B-8449-F07C0BD33BF2}.Debug|x86.Build.0 = Debug|x86
		{5301091E-84D8-457B-8449-F07C0BD33BF2}.Debug|x86.Deploy.0 = Debug|x86
		{5301091E-84D8-457B-8449-F07C0BD33BF2}.Release|Any CPU.ActiveCfg = Release|x86
		{5301091E-84D8-457B-8449-F07C0BD33BF2}.Release|ARM.ActiveCfg = Release|ARM
		{5301091E-84D8-457B-8449-F07C0BD33BF2}.Release|ARM.Build.0 = Release|ARM
		{5301091E-84D8-457B-8449-F07C0BD33BF2}.Release|ARM.Deploy.0 = Release|ARM
		{5301091E-84D8-457B-8449-F07C0BD33BF2}.Release|ARM64.ActiveCfg = Release|x86
		{5301091E-84D8-457B-8449-F07C0BD33BF2}.Release|x64.ActiveCfg = Release|x64
		{5301091E-84D8-457B-8449-F07C0BD33BF2}.Release|x64.Build.0 = Release|x64
		{5301091E-84D8-457B-8449-F07C0BD33BF2}.Release|x64.Deploy.0 = Release|x64
		{5301091E-84D8-457B-8449-F07C0BD33BF2}.Release|x86.ActiveCfg = Release|x86
		{5301091E-84D8-457B-8449-F07C0BD33BF2}.Release|x86.Build.0 = Release|x86
		{5301091E-84D8-457B-8449-F07C0BD33BF2}.Release|x86.Deploy.0 = Release|x86
		{44A399E4-B21F-48F6-A2B3-4EB35B2D4034}.Debug|Any CPU.ActiveCfg = Debug|x86
		{44A399E4-B21F-48F6-A2B3-4EB35B2D4034}.Debug|ARM.ActiveCfg = Debug|ARM
		{44A399E4-B21F-48F6-A2B3-4EB35B2D4034}.Debug|ARM.Build.0 = Debug|ARM
		{44A399E4-B21F-48F6-A2B3-4EB35B2D4034}.Debug|ARM.Deploy.0 = Debug|ARM
		{44A399E4-B21F-48F6-A2B3-4EB35B2D4034}.Debug|ARM64.ActiveCfg = Debug|x86
		{44A399E4-B21F-48F6-A2B3-4EB35B2D4034}.Debug|x64.ActiveCfg = Debug|x64
		{44A399E4-B21F-48F6-A2B3-4EB35B2D4034}.Debug|x64.Build.0 = Debug|x64
		{44A399E4-B21F-48F6-A2B3-4EB35B2D4034}.Debug|x64.Deploy.0 = Debug|x64
		{44A399E4-B21F-48F6-A2B3-4EB35B2D4034}.Debug|x86.ActiveCfg = Debug|x86
		{44A399E4-B21F-48F6-A2B3-4EB35B2D4034}.Debug|x86.Build.0 = Debug|x86
		{44A399E4-B21F-48F6-A2B3-4EB35B2D4034}.Debug|x86.Deploy.0 = Debug|x86
		{44A399E4-B21F-48F6-A2B3-4EB35B2D4034}.Release|Any CPU.ActiveCfg = Release|x86
		{44A399E4-B21F-48F6-A2B3-4EB35B2D4034}.Release|ARM.ActiveCfg = Release|ARM
		{44A399E4-B21F-48F6-A2B3-4EB35B2D4034}.Release|ARM.Build.0 = Release|ARM
		{44A399E4-B21F-48F6-A2B3-4EB35B2D4034}.Release|ARM.Deploy.0 = Release|ARM
		{44A399E4-B21F-48F6-A2B3-4EB35B2D4034}.Release|ARM64.ActiveCfg = Release|x86
		{44A399E4-B21F-48F6-A2B3-4EB35B2D4034}.Release|x64.ActiveCfg = Release|x64
		{44A399E4-B21F-48F6-A2B3-4EB35B2D4034}.Release|x64.Build.0 = Release|x64
		{44A399E4-B21F-48F6-A2B3-4EB35B2D4034}.Release|x64.Deploy.0 = Release|x64
		{44A399E4-B21F-48F6-A2B3-4EB35B2D4034}.Release|x86.ActiveCfg = Release|x86
		{44A399E4-B21F-48F6-A2B3-4EB35B2D4034}.Release|x86.Build.0 = Release|x86
		{44A399E4-B21F-48F6-A2B3-4EB35B2D4034}.Release|x86.Deploy.0 = Release|x86
	EndGlobalSection
	GlobalSection(SolutionProperties) = preSolution
		HideSolutionNode = FALSE
	EndGlobalSection
	GlobalSection(NestedProjects) = preSolution
		{1BE24532-CCBC-49A3-BB80-ACD3CBF0FA83} = {1D203139-A5B5-417C-9439-6E10441E4355}
		{ADD6C45A-FF57-4262-9A30-B5199BE4525C} = {1D203139-A5B5-417C-9439-6E10441E4355}
		{CB4BAA24-2A5B-4C9B-9533-DC804E0EF7D9} = {89D366FA-91CD-426E-863C-01085FC3DD46}
		{E14371D7-D0BD-426C-91E0-1DC738715F7C} = {6C261FA0-6E11-44F5-8577-7DB1A52088A1}
		{5DBBCA9D-DD3D-4C1B-83F7-5E5663412648} = {59DC2883-4629-44B2-A065-B936B7533370}
		{3DF77BD7-E6A6-45CA-80C8-A77DD3BAFE41} = {59DC2883-4629-44B2-A065-B936B7533370}
		{5C7A6D52-C5DB-49AA-A4BD-73A28F32F107} = {59DC2883-4629-44B2-A065-B936B7533370}
		{191A0D34-5EB5-4789-B3A6-EAAE8953C2B0} = {6C261FA0-6E11-44F5-8577-7DB1A52088A1}
		{9ECC7E2A-3C9C-48BB-84F4-7FA38262E004} = {6C261FA0-6E11-44F5-8577-7DB1A52088A1}
		{AF0D3CB6-0723-4B64-AB31-711CA273111E} = {59DC2883-4629-44B2-A065-B936B7533370}
		{3A242B76-09BA-4912-9E4A-AEC3C635702A} = {89D366FA-91CD-426E-863C-01085FC3DD46}
		{8E6FC3F5-B34A-4D22-8577-83A146828011} = {E96405F7-223D-4073-8819-2C5163E6E2B2}
		{E31B0295-51B2-48F8-98E3-C160D841E755} = {89D366FA-91CD-426E-863C-01085FC3DD46}
		{594FDCEE-A55E-4EDF-AF15-5827F13354BB} = {09317FCC-5047-4CB7-B59C-DD4D4FF736DA}
		{D4BE0845-3ABE-43EF-9973-E2057EE760B1} = {09317FCC-5047-4CB7-B59C-DD4D4FF736DA}
		{D2A7D013-001B-431B-9C76-A0CF7834F93F} = {992AC19A-4D53-4225-BE2C-973F14F1A519}
		{0949F5CA-E11A-4C64-B11F-478AE08E31B0} = {992AC19A-4D53-4225-BE2C-973F14F1A519}
		{8B3D52CE-2D6A-46D6-B6C2-40C7C8125982} = {C46CE2BD-71F5-4EB5-9E1C-BBF05005508E}
		{9500F830-2329-4065-A3F9-1860A87AB9BB} = {C46CE2BD-71F5-4EB5-9E1C-BBF05005508E}
		{1B455C66-1EEA-4DED-9F15-25FC2044AD92} = {C46CE2BD-71F5-4EB5-9E1C-BBF05005508E}
		{5301091E-84D8-457B-8449-F07C0BD33BF2} = {C46CE2BD-71F5-4EB5-9E1C-BBF05005508E}
		{44A399E4-B21F-48F6-A2B3-4EB35B2D4034} = {C46CE2BD-71F5-4EB5-9E1C-BBF05005508E}
	EndGlobalSection
	GlobalSection(ExtensibilityGlobals) = postSolution
		SolutionGuid = {5A6953B1-A911-46C4-8008-E649C87193E1}
	EndGlobalSection
EndGlobal
